
Microsoft Visual Studio Solution File, Format Version 12.00
# Visual Studio Version 16
VisualStudioVersion = 16.0.29709.97
MinimumVisualStudioVersion = 10.0.40219.1
Project("{9A19103F-16F7-4668-BE54-9A1E7A4F7556}") = "Aplicada2doParcial", "Aplicada2doParcial.csproj", "{70AE007A-1C62-4366-95AE-E9B477A2785F}"
EndProject
Global
	GlobalSection(SolutionConfigurationPlatforms) = preSolution
		Debug|Any CPU = Debug|Any CPU
		Release|Any CPU = Release|Any CPU
	EndGlobalSection
	GlobalSection(ProjectConfigurationPlatforms) = postSolution
		{70AE007A-1C62-4366-95AE-E9B477A2785F}.Debug|Any CPU.ActiveCfg = Debug|Any CPU
		{70AE007A-1C62-4366-95AE-E9B477A2785F}.Debug|Any CPU.Build.0 = Debug|Any CPU
		{70AE007A-1C62-4366-95AE-E9B477A2785F}.Release|Any CPU.ActiveCfg = Release|Any CPU
		{70AE007A-1C62-4366-95AE-E9B477A2785F}.Release|Any CPU.Build.0 = Release|Any CPU
	EndGlobalSection
	GlobalSection(SolutionProperties) = preSolution
		HideSolutionNode = FALSE
	EndGlobalSection
	GlobalSection(ExtensibilityGlobals) = postSolution
		SolutionGuid = {A13DFE1C-CDC5-4813-8B70-8C17CF6A8773}
	EndGlobalSection
EndGlobal
